
Microsoft Visual Studio Solution File, Format Version 12.00
# Visual Studio 15
VisualStudioVersion = 15.0.27428.2027
MinimumVisualStudioVersion = 10.0.40219.1
Project("{FAE04EC0-301F-11D3-BF4B-00C04F79EFBC}") = "WpfApp2", "WpfApp2\WpfApp2.csproj", "{CBB5CFC8-8CA9-43E6-AC3C-C0ED2E0C09C8}"
EndProject
Global
	GlobalSection(SolutionConfigurationPlatforms) = preSolution
		Debug|Any CPU = Debug|Any CPU
		Release|Any CPU = Release|Any CPU
	EndGlobalSection
	GlobalSection(ProjectConfigurationPlatforms) = postSolution
		{CBB5CFC8-8CA9-43E6-AC3C-C0ED2E0C09C8}.Debug|Any CPU.ActiveCfg = Debug|Any CPU
		{CBB5CFC8-8CA9-43E6-AC3C-C0ED2E0C09C8}.Debug|Any CPU.Build.0 = Debug|Any CPU
		{CBB5CFC8-8CA9-43E6-AC3C-C0ED2E0C09C8}.Release|Any CPU.ActiveCfg = Release|Any CPU
		{CBB5CFC8-8CA9-43E6-AC3C-C0ED2E0C09C8}.Release|Any CPU.Build.0 = Release|Any CPU
	EndGlobalSection
	GlobalSection(SolutionProperties) = preSolution
		HideSolutionNode = FALSE
	EndGlobalSection
	GlobalSection(ExtensibilityGlobals) = postSolution
		SolutionGuid = {13BD27EA-DED5-4642-BE78-F380DB6B4B84}
	EndGlobalSection
EndGlobal
